
Microsoft Visual Studio Solution File, Format Version 12.00
Project("{2150E333-8FDC-42A3-9474-1A3956D46DE8}") = "backend", "backend", "{1AE8ACA6-933B-BF2A-3671-3E2EAC007D16}"
EndProject
Project("{2150E333-8FDC-42A3-9474-1A3956D46DE8}") = "src", "src", "{0F9113EE-888A-26D2-68B0-4A7D0A2A8745}"
EndProject
Project("{FAE04EC0-301F-11D3-BF4B-00C04F79EFBC}") = "AuctionService", "backend\src\AuctionService\AuctionService.csproj", "{508FEE87-5107-4677-8C68-91B5B1C352A3}"
EndProject
Project("{FAE04EC0-301F-11D3-BF4B-00C04F79EFBC}") = "SearchService", "backend\src\SearchService\SearchService.csproj", "{367D87B7-998D-4D0C-BC51-50AE572F3E4B}"
EndProject
Project("{FAE04EC0-301F-11D3-BF4B-00C04F79EFBC}") = "Contracts", "backend\src\Contracts\Contracts.csproj", "{A48CB539-A2AC-43B1-BFA3-C43734FFCEFF}"
EndProject
Project("{FAE04EC0-301F-11D3-BF4B-00C04F79EFBC}") = "IdentityService", "backend\src\IdentityService\IdentityService.csproj", "{B5D9FD99-2B4E-4D0D-9092-1C1B192D88A8}"
EndProject
Project("{FAE04EC0-301F-11D3-BF4B-00C04F79EFBC}") = "GatewayService", "backend\src\GatewayService\GatewayService.csproj", "{BC9503FA-0024-46C2-A2D5-53AE3FEE2ADF}"
EndProject
Project("{FAE04EC0-301F-11D3-BF4B-00C04F79EFBC}") = "BiddingService", "backend\src\BiddingService\BiddingService.csproj", "{A4A25811-CC5D-40A1-8FD8-D8DEF5D90781}"
EndProject
Project("{FAE04EC0-301F-11D3-BF4B-00C04F79EFBC}") = "NotificationService", "backend\src\NotificationService\NotificationService.csproj", "{528D0440-1A87-4AD8-AD72-39192D844A5B}"
EndProject
Project("{2150E333-8FDC-42A3-9474-1A3956D46DE8}") = "tests", "tests", "{F57642F3-C37C-D174-720E-6A6AAD5BEE22}"
EndProject
Project("{FAE04EC0-301F-11D3-BF4B-00C04F79EFBC}") = "AuctionService.Tests.Unit", "backend\tests\AuctionService.Tests.Unit\AuctionService.Tests.Unit.csproj", "{8C031EDD-E1BC-45AF-ABB5-B602854BEDB3}"
EndProject
Project("{FAE04EC0-301F-11D3-BF4B-00C04F79EFBC}") = "AuctionService.Tests.Integration", "backend\tests\AuctionService.Tests.Integration\AuctionService.Tests.Integration.csproj", "{E959AC4F-E7F1-4637-B5AF-6208A9C6C33D}"
EndProject
Global
	GlobalSection(SolutionConfigurationPlatforms) = preSolution
		Debug|Any CPU = Debug|Any CPU
		Debug|x64 = Debug|x64
		Debug|x86 = Debug|x86
		Release|Any CPU = Release|Any CPU
		Release|x64 = Release|x64
		Release|x86 = Release|x86
	EndGlobalSection
	GlobalSection(ProjectConfigurationPlatforms) = postSolution
		{508FEE87-5107-4677-8C68-91B5B1C352A3}.Debug|Any CPU.ActiveCfg = Debug|Any CPU
		{508FEE87-5107-4677-8C68-91B5B1C352A3}.Debug|Any CPU.Build.0 = Debug|Any CPU
		{508FEE87-5107-4677-8C68-91B5B1C352A3}.Debug|x64.ActiveCfg = Debug|Any CPU
		{508FEE87-5107-4677-8C68-91B5B1C352A3}.Debug|x64.Build.0 = Debug|Any CPU
		{508FEE87-5107-4677-8C68-91B5B1C352A3}.Debug|x86.ActiveCfg = Debug|Any CPU
		{508FEE87-5107-4677-8C68-91B5B1C352A3}.Debug|x86.Build.0 = Debug|Any CPU
		{508FEE87-5107-4677-8C68-91B5B1C352A3}.Release|Any CPU.ActiveCfg = Release|Any CPU
		{508FEE87-5107-4677-8C68-91B5B1C352A3}.Release|Any CPU.Build.0 = Release|Any CPU
		{508FEE87-5107-4677-8C68-91B5B1C352A3}.Release|x64.ActiveCfg = Release|Any CPU
		{508FEE87-5107-4677-8C68-91B5B1C352A3}.Release|x64.Build.0 = Release|Any CPU
		{508FEE87-5107-4677-8C68-91B5B1C352A3}.Release|x86.ActiveCfg = Release|Any CPU
		{508FEE87-5107-4677-8C68-91B5B1C352A3}.Release|x86.Build.0 = Release|Any CPU
		{367D87B7-998D-4D0C-BC51-50AE572F3E4B}.Debug|Any CPU.ActiveCfg = Debug|Any CPU
		{367D87B7-998D-4D0C-BC51-50AE572F3E4B}.Debug|Any CPU.Build.0 = Debug|Any CPU
		{367D87B7-998D-4D0C-BC51-50AE572F3E4B}.Debug|x64.ActiveCfg = Debug|Any CPU
		{367D87B7-998D-4D0C-BC51-50AE572F3E4B}.Debug|x64.Build.0 = Debug|Any CPU
		{367D87B7-998D-4D0C-BC51-50AE572F3E4B}.Debug|x86.ActiveCfg = Debug|Any CPU
		{367D87B7-998D-4D0C-BC51-50AE572F3E4B}.Debug|x86.Build.0 = Debug|Any CPU
		{367D87B7-998D-4D0C-BC51-50AE572F3E4B}.Release|Any CPU.ActiveCfg = Release|Any CPU
		{367D87B7-998D-4D0C-BC51-50AE572F3E4B}.Release|Any CPU.Build.0 = Release|Any CPU
		{367D87B7-998D-4D0C-BC51-50AE572F3E4B}.Release|x64.ActiveCfg = Release|Any CPU
		{367D87B7-998D-4D0C-BC51-50AE572F3E4B}.Release|x64.Build.0 = Release|Any CPU
		{367D87B7-998D-4D0C-BC51-50AE572F3E4B}.Release|x86.ActiveCfg = Release|Any CPU
		{367D87B7-998D-4D0C-BC51-50AE572F3E4B}.Release|x86.Build.0 = Release|Any CPU
		{A48CB539-A2AC-43B1-BFA3-C43734FFCEFF}.Debug|Any CPU.ActiveCfg = Debug|Any CPU
		{A48CB539-A2AC-43B1-BFA3-C43734FFCEFF}.Debug|Any CPU.Build.0 = Debug|Any CPU
		{A48CB539-A2AC-43B1-BFA3-C43734FFCEFF}.Debug|x64.ActiveCfg = Debug|Any CPU
		{A48CB539-A2AC-43B1-BFA3-C43734FFCEFF}.Debug|x64.Build.0 = Debug|Any CPU
		{A48CB539-A2AC-43B1-BFA3-C43734FFCEFF}.Debug|x86.ActiveCfg = Debug|Any CPU
		{A48CB539-A2AC-43B1-BFA3-C43734FFCEFF}.Debug|x86.Build.0 = Debug|Any CPU
		{A48CB539-A2AC-43B1-BFA3-C43734FFCEFF}.Release|Any CPU.ActiveCfg = Release|Any CPU
		{A48CB539-A2AC-43B1-BFA3-C43734FFCEFF}.Release|Any CPU.Build.0 = Release|Any CPU
		{A48CB539-A2AC-43B1-BFA3-C43734FFCEFF}.Release|x64.ActiveCfg = Release|Any CPU
		{A48CB539-A2AC-43B1-BFA3-C43734FFCEFF}.Release|x64.Build.0 = Release|Any CPU
		{A48CB539-A2AC-43B1-BFA3-C43734FFCEFF}.Release|x86.ActiveCfg = Release|Any CPU
		{A48CB539-A2AC-43B1-BFA3-C43734FFCEFF}.Release|x86.Build.0 = Release|Any CPU
		{B5D9FD99-2B4E-4D0D-9092-1C1B192D88A8}.Debug|Any CPU.ActiveCfg = Debug|Any CPU
		{B5D9FD99-2B4E-4D0D-9092-1C1B192D88A8}.Debug|Any CPU.Build.0 = Debug|Any CPU
		{B5D9FD99-2B4E-4D0D-9092-1C1B192D88A8}.Debug|x64.ActiveCfg = Debug|Any CPU
		{B5D9FD99-2B4E-4D0D-9092-1C1B192D88A8}.Debug|x64.Build.0 = Debug|Any CPU
		{B5D9FD99-2B4E-4D0D-9092-1C1B192D88A8}.Debug|x86.ActiveCfg = Debug|Any CPU
		{B5D9FD99-2B4E-4D0D-9092-1C1B192D88A8}.Debug|x86.Build.0 = Debug|Any CPU
		{B5D9FD99-2B4E-4D0D-9092-1C1B192D88A8}.Release|Any CPU.ActiveCfg = Release|Any CPU
		{B5D9FD99-2B4E-4D0D-9092-1C1B192D88A8}.Release|Any CPU.Build.0 = Release|Any CPU
		{B5D9FD99-2B4E-4D0D-9092-1C1B192D88A8}.Release|x64.ActiveCfg = Release|Any CPU
		{B5D9FD99-2B4E-4D0D-9092-1C1B192D88A8}.Release|x64.Build.0 = Release|Any CPU
		{B5D9FD99-2B4E-4D0D-9092-1C1B192D88A8}.Release|x86.ActiveCfg = Release|Any CPU
		{B5D9FD99-2B4E-4D0D-9092-1C1B192D88A8}.Release|x86.Build.0 = Release|Any CPU
		{BC9503FA-0024-46C2-A2D5-53AE3FEE2ADF}.Debug|Any CPU.ActiveCfg = Debug|Any CPU
		{BC9503FA-0024-46C2-A2D5-53AE3FEE2ADF}.Debug|Any CPU.Build.0 = Debug|Any CPU
		{BC9503FA-0024-46C2-A2D5-53AE3FEE2ADF}.Debug|x64.ActiveCfg = Debug|Any CPU
		{BC9503FA-0024-46C2-A2D5-53AE3FEE2ADF}.Debug|x64.Build.0 = Debug|Any CPU
		{BC9503FA-0024-46C2-A2D5-53AE3FEE2ADF}.Debug|x86.ActiveCfg = Debug|Any CPU
		{BC9503FA-0024-46C2-A2D5-53AE3FEE2ADF}.Debug|x86.Build.0 = Debug|Any CPU
		{BC9503FA-0024-46C2-A2D5-53AE3FEE2ADF}.Release|Any CPU.ActiveCfg = Release|Any CPU
		{BC9503FA-0024-46C2-A2D5-53AE3FEE2ADF}.Release|Any CPU.Build.0 = Release|Any CPU
		{BC9503FA-0024-46C2-A2D5-53AE3FEE2ADF}.Release|x64.ActiveCfg = Release|Any CPU
		{BC9503FA-0024-46C2-A2D5-53AE3FEE2ADF}.Release|x64.Build.0 = Release|Any CPU
		{BC9503FA-0024-46C2-A2D5-53AE3FEE2ADF}.Release|x86.ActiveCfg = Release|Any CPU
		{BC9503FA-0024-46C2-A2D5-53AE3FEE2ADF}.Release|x86.Build.0 = Release|Any CPU
		{A4A25811-CC5D-40A1-8FD8-D8DEF5D90781}.Debug|Any CPU.ActiveCfg = Debug|Any CPU
		{A4A25811-CC5D-40A1-8FD8-D8DEF5D90781}.Debug|Any CPU.Build.0 = Debug|Any CPU
		{A4A25811-CC5D-40A1-8FD8-D8DEF5D90781}.Debug|x64.ActiveCfg = Debug|Any CPU
		{A4A25811-CC5D-40A1-8FD8-D8DEF5D90781}.Debug|x64.Build.0 = Debug|Any CPU
		{A4A25811-CC5D-40A1-8FD8-D8DEF5D90781}.Debug|x86.ActiveCfg = Debug|Any CPU
		{A4A25811-CC5D-40A1-8FD8-D8DEF5D90781}.Debug|x86.Build.0 = Debug|Any CPU
		{A4A25811-CC5D-40A1-8FD8-D8DEF5D90781}.Release|Any CPU.ActiveCfg = Release|Any CPU
		{A4A25811-CC5D-40A1-8FD8-D8DEF5D90781}.Release|Any CPU.Build.0 = Release|Any CPU
		{A4A25811-CC5D-40A1-8FD8-D8DEF5D90781}.Release|x64.ActiveCfg = Release|Any CPU
		{A4A25811-CC5D-40A1-8FD8-D8DEF5D90781}.Release|x64.Build.0 = Release|Any CPU
		{A4A25811-CC5D-40A1-8FD8-D8DEF5D90781}.Release|x86.ActiveCfg = Release|Any CPU
		{A4A25811-CC5D-40A1-8FD8-D8DEF5D90781}.Release|x86.Build.0 = Release|Any CPU
		{528D0440-1A87-4AD8-AD72-39192D844A5B}.Debug|Any CPU.ActiveCfg = Debug|Any CPU
		{528D0440-1A87-4AD8-AD72-39192D844A5B}.Debug|Any CPU.Build.0 = Debug|Any CPU
		{528D0440-1A87-4AD8-AD72-39192D844A5B}.Debug|x64.ActiveCfg = Debug|Any CPU
		{528D0440-1A87-4AD8-AD72-39192D844A5B}.Debug|x64.Build.0 = Debug|Any CPU
		{528D0440-1A87-4AD8-AD72-39192D844A5B}.Debug|x86.ActiveCfg = Debug|Any CPU
		{528D0440-1A87-4AD8-AD72-39192D844A5B}.Debug|x86.Build.0 = Debug|Any CPU
		{528D0440-1A87-4AD8-AD72-39192D844A5B}.Release|Any CPU.ActiveCfg = Release|Any CPU
		{528D0440-1A87-4AD8-AD72-39192D844A5B}.Release|Any CPU.Build.0 = Release|Any CPU
		{528D0440-1A87-4AD8-AD72-39192D844A5B}.Release|x64.ActiveCfg = Release|Any CPU
		{528D0440-1A87-4AD8-AD72-39192D844A5B}.Release|x64.Build.0 = Release|Any CPU
		{528D0440-1A87-4AD8-AD72-39192D844A5B}.Release|x86.ActiveCfg = Release|Any CPU
		{528D0440-1A87-4AD8-AD72-39192D844A5B}.Release|x86.Build.0 = Release|Any CPU
		{8C031EDD-E1BC-45AF-ABB5-B602854BEDB3}.Debug|Any CPU.ActiveCfg = Debug|Any CPU
		{8C031EDD-E1BC-45AF-ABB5-B602854BEDB3}.Debug|Any CPU.Build.0 = Debug|Any CPU
		{8C031EDD-E1BC-45AF-ABB5-B602854BEDB3}.Debug|x64.ActiveCfg = Debug|Any CPU
		{8C031EDD-E1BC-45AF-ABB5-B602854BEDB3}.Debug|x64.Build.0 = Debug|Any CPU
		{8C031EDD-E1BC-45AF-ABB5-B602854BEDB3}.Debug|x86.ActiveCfg = Debug|Any CPU
		{8C031EDD-E1BC-45AF-ABB5-B602854BEDB3}.Debug|x86.Build.0 = Debug|Any CPU
		{8C031EDD-E1BC-45AF-ABB5-B602854BEDB3}.Release|Any CPU.ActiveCfg = Release|Any CPU
		{8C031EDD-E1BC-45AF-ABB5-B602854BEDB3}.Release|Any CPU.Build.0 = Release|Any CPU
		{8C031EDD-E1BC-45AF-ABB5-B602854BEDB3}.Release|x64.ActiveCfg = Release|Any CPU
		{8C031EDD-E1BC-45AF-ABB5-B602854BEDB3}.Release|x64.Build.0 = Release|Any CPU
		{8C031EDD-E1BC-45AF-ABB5-B602854BEDB3}.Release|x86.ActiveCfg = Release|Any CPU
		{8C031EDD-E1BC-45AF-ABB5-B602854BEDB3}.Release|x86.Build.0 = Release|Any CPU
		{E959AC4F-E7F1-4637-B5AF-6208A9C6C33D}.Debug|Any CPU.ActiveCfg = Debug|Any CPU
		{E959AC4F-E7F1-4637-B5AF-6208A9C6C33D}.Debug|Any CPU.Build.0 = Debug|Any CPU
		{E959AC4F-E7F1-4637-B5AF-6208A9C6C33D}.Debug|x64.ActiveCfg = Debug|Any CPU
		{E959AC4F-E7F1-4637-B5AF-6208A9C6C33D}.Debug|x64.Build.0 = Debug|Any CPU
		{E959AC4F-E7F1-4637-B5AF-6208A9C6C33D}.Debug|x86.ActiveCfg = Debug|Any CPU
		{E959AC4F-E7F1-4637-B5AF-6208A9C6C33D}.Debug|x86.Build.0 = Debug|Any CPU
		{E959AC4F-E7F1-4637-B5AF-6208A9C6C33D}.Release|Any CPU.ActiveCfg = Release|Any CPU
		{E959AC4F-E7F1-4637-B5AF-6208A9C6C33D}.Release|Any CPU.Build.0 = Release|Any CPU
		{E959AC4F-E7F1-4637-B5AF-6208A9C6C33D}.Release|x64.ActiveCfg = Release|Any CPU
		{E959AC4F-E7F1-4637-B5AF-6208A9C6C33D}.Release|x64.Build.0 = Release|Any CPU
		{E959AC4F-E7F1-4637-B5AF-6208A9C6C33D}.Release|x86.ActiveCfg = Release|Any CPU
		{E959AC4F-E7F1-4637-B5AF-6208A9C6C33D}.Release|x86.Build.0 = Release|Any CPU
	EndGlobalSection
	GlobalSection(SolutionProperties) = preSolution
		HideSolutionNode = FALSE
	EndGlobalSection
	GlobalSection(NestedProjects) = preSolution
		{0F9113EE-888A-26D2-68B0-4A7D0A2A8745} = {1AE8ACA6-933B-BF2A-3671-3E2EAC007D16}
		{508FEE87-5107-4677-8C68-91B5B1C352A3} = {0F9113EE-888A-26D2-68B0-4A7D0A2A8745}
		{367D87B7-998D-4D0C-BC51-50AE572F3E4B} = {0F9113EE-888A-26D2-68B0-4A7D0A2A8745}
		{A48CB539-A2AC-43B1-BFA3-C43734FFCEFF} = {0F9113EE-888A-26D2-68B0-4A7D0A2A8745}
		{B5D9FD99-2B4E-4D0D-9092-1C1B192D88A8} = {0F9113EE-888A-26D2-68B0-4A7D0A2A8745}
		{BC9503FA-0024-46C2-A2D5-53AE3FEE2ADF} = {0F9113EE-888A-26D2-68B0-4A7D0A2A8745}
		{A4A25811-CC5D-40A1-8FD8-D8DEF5D90781} = {0F9113EE-888A-26D2-68B0-4A7D0A2A8745}
		{528D0440-1A87-4AD8-AD72-39192D844A5B} = {0F9113EE-888A-26D2-68B0-4A7D0A2A8745}
		{F57642F3-C37C-D174-720E-6A6AAD5BEE22} = {1AE8ACA6-933B-BF2A-3671-3E2EAC007D16}
		{8C031EDD-E1BC-45AF-ABB5-B602854BEDB3} = {F57642F3-C37C-D174-720E-6A6AAD5BEE22}
		{E959AC4F-E7F1-4637-B5AF-6208A9C6C33D} = {F57642F3-C37C-D174-720E-6A6AAD5BEE22}
	EndGlobalSection
EndGlobal
