
Microsoft Visual Studio Solution File, Format Version 12.00
Project("{2150E333-8FDC-42A3-9474-1A3956D46DE8}") = "backend", "backend", "{1AE8ACA6-933B-BF2A-3671-3E2EAC007D16}"
EndProject
Project("{2150E333-8FDC-42A3-9474-1A3956D46DE8}") = "src", "src", "{0F9113EE-888A-26D2-68B0-4A7D0A2A8745}"
EndProject
Project("{FAE04EC0-301F-11D3-BF4B-00C04F79EFBC}") = "AuctionService", "backend\src\AuctionService\AuctionService.csproj", "{508FEE87-5107-4677-8C68-91B5B1C352A3}"
EndProject
Global
	GlobalSection(SolutionConfigurationPlatforms) = preSolution
		Debug|Any CPU = Debug|Any CPU
		Debug|x64 = Debug|x64
		Debug|x86 = Debug|x86
		Release|Any CPU = Release|Any CPU
		Release|x64 = Release|x64
		Release|x86 = Release|x86
	EndGlobalSection
	GlobalSection(ProjectConfigurationPlatforms) = postSolution
		{508FEE87-5107-4677-8C68-91B5B1C352A3}.Debug|Any CPU.ActiveCfg = Debug|Any CPU
		{508FEE87-5107-4677-8C68-91B5B1C352A3}.Debug|Any CPU.Build.0 = Debug|Any CPU
		{508FEE87-5107-4677-8C68-91B5B1C352A3}.Debug|x64.ActiveCfg = Debug|Any CPU
		{508FEE87-5107-4677-8C68-91B5B1C352A3}.Debug|x64.Build.0 = Debug|Any CPU
		{508FEE87-5107-4677-8C68-91B5B1C352A3}.Debug|x86.ActiveCfg = Debug|Any CPU
		{508FEE87-5107-4677-8C68-91B5B1C352A3}.Debug|x86.Build.0 = Debug|Any CPU
		{508FEE87-5107-4677-8C68-91B5B1C352A3}.Release|Any CPU.ActiveCfg = Release|Any CPU
		{508FEE87-5107-4677-8C68-91B5B1C352A3}.Release|Any CPU.Build.0 = Release|Any CPU
		{508FEE87-5107-4677-8C68-91B5B1C352A3}.Release|x64.ActiveCfg = Release|Any CPU
		{508FEE87-5107-4677-8C68-91B5B1C352A3}.Release|x64.Build.0 = Release|Any CPU
		{508FEE87-5107-4677-8C68-91B5B1C352A3}.Release|x86.ActiveCfg = Release|Any CPU
		{508FEE87-5107-4677-8C68-91B5B1C352A3}.Release|x86.Build.0 = Release|Any CPU
	EndGlobalSection
	GlobalSection(SolutionProperties) = preSolution
		HideSolutionNode = FALSE
	EndGlobalSection
	GlobalSection(NestedProjects) = preSolution
		{0F9113EE-888A-26D2-68B0-4A7D0A2A8745} = {1AE8ACA6-933B-BF2A-3671-3E2EAC007D16}
		{508FEE87-5107-4677-8C68-91B5B1C352A3} = {0F9113EE-888A-26D2-68B0-4A7D0A2A8745}
	EndGlobalSection
EndGlobal
